// !$*UTF8*$!
{
	archiveVersion = 1;
	classes = {
	};
	objectVersion = 48;
	objects = {

/* Begin PBXBuildFile section */
		24859FA521AA5D2A00E235CE /* AppDelegate.swift in Sources */ = {isa = PBXBuildFile; fileRef = 24859FA421AA5D2A00E235CE /* AppDelegate.swift */; };
		24859FA721AA5D2A00E235CE /* ViewController.swift in Sources */ = {isa = PBXBuildFile; fileRef = 24859FA621AA5D2A00E235CE /* ViewController.swift */; };
		24859FAA21AA5D2A00E235CE /* Main.storyboard in Resources */ = {isa = PBXBuildFile; fileRef = 24859FA821AA5D2A00E235CE /* Main.storyboard */; };
		24859FAC21AA5D2A00E235CE /* Assets.xcassets in Resources */ = {isa = PBXBuildFile; fileRef = 24859FAB21AA5D2A00E235CE /* Assets.xcassets */; };
		24859FAF21AA5D2A00E235CE /* LaunchScreen.storyboard in Resources */ = {isa = PBXBuildFile; fileRef = 24859FAD21AA5D2A00E235CE /* LaunchScreen.storyboard */; };
/* End PBXBuildFile section */

/* Begin PBXFileReference section */
		24859FA121AA5D2A00E235CE /* reansition.app */ = {isa = PBXFileReference; explicitFileType = wrapper.application; includeInIndex = 0; path = reansition.app; sourceTree = BUILT_PRODUCTS_DIR; };
		24859FA421AA5D2A00E235CE /* AppDelegate.swift */ = {isa = PBXFileReference; lastKnownFileType = sourcecode.swift; path = AppDelegate.swift; sourceTree = "<group>"; };
		24859FA621AA5D2A00E235CE /* ViewController.swift */ = {isa = PBXFileReference; lastKnownFileType = sourcecode.swift; path = ViewController.swift; sourceTree = "<group>"; };
		24859FA921AA5D2A00E235CE /* Base */ = {isa = PBXFileReference; lastKnownFileType = file.storyboard; name = Base; path = Base.lproj/Main.storyboard; sourceTree = "<group>"; };
		24859FAB21AA5D2A00E235CE /* Assets.xcassets */ = {isa = PBXFileReference; lastKnownFileType = folder.assetcatalog; path = Assets.xcassets; sourceTree = "<group>"; };
		24859FAE21AA5D2A00E235CE /* Base */ = {isa = PBXFileReference; lastKnownFileType = file.storyboard; name = Base; path = Base.lproj/LaunchScreen.storyboard; sourceTree = "<group>"; };
		24859FB021AA5D2A00E235CE /* Info.plist */ = {isa = PBXFileReference; lastKnownFileType = text.plist.xml; path = Info.plist; sourceTree = "<group>"; };
/* End PBXFileReference section */

/* Begin PBXFrameworksBuildPhase section */
		24859F9E21AA5D2A00E235CE /* Frameworks */ = {
			isa = PBXFrameworksBuildPhase;
			buildActionMask = 2147483647;
			files = (
			);
			runOnlyForDeploymentPostprocessing = 0;
		};
/* End PBXFrameworksBuildPhase section */

/* Begin PBXGroup section */
		24859F9821AA5D2A00E235CE = {
			isa = PBXGroup;
			children = (
				24859FA321AA5D2A00E235CE /* reansition */,
				24859FA221AA5D2A00E235CE /* Products */,
			);
			sourceTree = "<group>";
		};
		24859FA221AA5D2A00E235CE /* Products */ = {
			isa = PBXGroup;
			children = (
				24859FA121AA5D2A00E235CE /* reansition.app */,
			);
			name = Products;
			sourceTree = "<group>";
		};
		24859FA321AA5D2A00E235CE /* reansition */ = {
			isa = PBXGroup;
			children = (
				24859FA421AA5D2A00E235CE /* AppDelegate.swift */,
				24859FA621AA5D2A00E235CE /* ViewController.swift */,
				24859FA821AA5D2A00E235CE /* Main.storyboard */,
				24859FAB21AA5D2A00E235CE /* Assets.xcassets */,
				24859FAD21AA5D2A00E235CE /* LaunchScreen.storyboard */,
				24859FB021AA5D2A00E235CE /* Info.plist */,
			);
			path = reansition;
			sourceTree = "<group>";
		};
/* End PBXGroup section */

/* Begin PBXNativeTarget section */
		24859FA021AA5D2A00E235CE /* reansition */ = {
			isa = PBXNativeTarget;
			buildConfigurationList = 24859FB321AA5D2A00E235CE /* Build configuration list for PBXNativeTarget "reansition" */;
			buildPhases = (
				24859F9D21AA5D2A00E235CE /* Sources */,
				24859F9E21AA5D2A00E235CE /* Frameworks */,
				24859F9F21AA5D2A00E235CE /* Resources */,
			);
			buildRules = (
			);
			dependencies = (
			);
			name = reansition;
			productName = reansition;
			productReference = 24859FA121AA5D2A00E235CE /* reansition.app */;
			productType = "com.apple.product-type.application";
		};
/* End PBXNativeTarget section */

/* Begin PBXProject section */
		24859F9921AA5D2A00E235CE /* Project object */ = {
			isa = PBXProject;
			attributes = {
				LastSwiftUpdateCheck = 0920;
				LastUpgradeCheck = 0920;
				ORGANIZATIONNAME = 2016110308;
				TargetAttributes = {
					24859FA021AA5D2A00E235CE = {
						CreatedOnToolsVersion = 9.2;
						ProvisioningStyle = Automatic;
					};
				};
			};
			buildConfigurationList = 24859F9C21AA5D2A00E235CE /* Build configuration list for PBXProject "reansition" */;
			compatibilityVersion = "Xcode 8.0";
			developmentRegion = en;
			hasScannedForEncodings = 0;
			knownRegions = (
				en,
				Base,
			);
			mainGroup = 24859F9821AA5D2A00E235CE;
			productRefGroup = 24859FA221AA5D2A00E235CE /* Products */;
			projectDirPath = "";
			projectRoot = "";
			targets = (
				24859FA021AA5D2A00E235CE /* reansition */,
			);
		};
/* End PBXProject section */

/* Begin PBXResourcesBuildPhase section */
		24859F9F21AA5D2A00E235CE /* Resources */ = {
			isa = PBXResourcesBuildPhase;
			buildActionMask = 2147483647;
			files = (
				24859FAF21AA5D2A00E235CE /* LaunchScreen.storyboard in Resources */,
				24859FAC21AA5D2A00E235CE /* Assets.xcassets in Resources */,
				24859FAA21AA5D2A00E235CE /* Main.storyboard in Resources */,
			);
			runOnlyForDeploymentPostprocessing = 0;
		};
/* End PBXResourcesBuildPhase section */

/* Begin PBXSourcesBuildPhase section */
		24859F9D21AA5D2A00E235CE /* Sources */ = {
			isa = PBXSourcesBuildPhase;
			buildActionMask = 2147483647;
			files = (
				24859FA721AA5D2A00E235CE /* ViewController.swift in Sources */,
				24859FA521AA5D2A00E235CE /* AppDelegate.swift in Sources */,
			);
			runOnlyForDeploymentPostprocessing = 0;
		};
/* End PBXSourcesBuildPhase section */

/* Begin PBXVariantGroup section */
		24859FA821AA5D2A00E235CE /* Main.storyboard */ = {
			isa = PBXVariantGroup;
			children = (
				24859FA921AA5D2A00E235CE /* Base */,
			);
			name = Main.storyboard;
			sourceTree = "<group>";
		};
		24859FAD21AA5D2A00E235CE /* LaunchScreen.storyboard */ = {
			isa = PBXVariantGroup;
			children = (
				24859FAE21AA5D2A00E235CE /* Base */,
			);
			name = LaunchScreen.storyboard;
			sourceTree = "<group>";
		};
/* End PBXVariantGroup section */

/* Begin XCBuildConfiguration section */
		24859FB121AA5D2A00E235CE /* Debug */ = {
			isa = XCBuildConfiguration;
			buildSettings = {
				ALWAYS_SEARCH_USER_PATHS = NO;
				CLANG_ANALYZER_NONNULL = YES;
				CLANG_ANALYZER_NUMBER_OBJECT_CONVERSION = YES_AGGRESSIVE;
				CLANG_CXX_LANGUAGE_STANDARD = "gnu++14";
				CLANG_CXX_LIBRARY = "libc++";
				CLANG_ENABLE_MODULES = YES;
				CLANG_ENABLE_OBJC_ARC = YES;
				CLANG_WARN_BLOCK_CAPTURE_AUTORELEASING = YES;
				CLANG_WARN_BOOL_CONVERSION = YES;
				CLANG_WARN_COMMA = YES;
				CLANG_WARN_CONSTANT_CONVERSION = YES;
				CLANG_WARN_DIRECT_OBJC_ISA_USAGE = YES_ERROR;
				CLANG_WARN_DOCUMENTATION_COMMENTS = YES;
				CLANG_WARN_EMPTY_BODY = YES;
				CLANG_WARN_ENUM_CONVERSION = YES;
				CLANG_WARN_INFINITE_RECURSION = YES;
				CLANG_WARN_INT_CONVERSION = YES;
				CLANG_WARN_NON_LITERAL_NULL_CONVERSION = YES;
				CLANG_WARN_OBJC_LITERAL_CONVERSION = YES;
				CLANG_WARN_OBJC_ROOT_CLASS = YES_ERROR;
				CLANG_WARN_RANGE_LOOP_ANALYSIS = YES;
				CLANG_WARN_STRICT_PROTOTYPES = YES;
				CLANG_WARN_SUSPICIOUS_MOVE = YES;
				CLANG_WARN_UNGUARDED_AVAILABILITY = YES_AGGRESSIVE;
				CLANG_WARN_UNREACHABLE_CODE = YES;
				CLANG_WARN__DUPLICATE_METHOD_MATCH = YES;
				CODE_SIGN_IDENTITY = "iPhone Developer";
				COPY_PHASE_STRIP = NO;
				DEBUG_INFORMATION_FORMAT = dwarf;
				ENABLE_STRICT_OBJC_MSGSEND = YES;
				ENABLE_TESTABILITY = YES;
				GCC_C_LANGUAGE_STANDARD = gnu11;
				GCC_DYNAMIC_NO_PIC = NO;
				GCC_NO_COMMON_BLOCKS = YES;
				GCC_OPTIMIZATION_LEVEL = 0;
				GCC_PREPROCESSOR_DEFINITIONS = (
					"DEBUG=1",
					"$(inherited)",
				);
				GCC_WARN_64_TO_32_BIT_CONVERSION = YES;
				GCC_WARN_ABOUT_RETURN_TYPE = YES_ERROR;
				GCC_WARN_UNDECLARED_SELECTOR = YES;
				GCC_WARN_UNINITIALIZED_AUTOS = YES_AGGRESSIVE;
				GCC_WARN_UNUSED_FUNCTION = YES;
				GCC_WARN_UNUSED_VARIABLE = YES;
				IPHONEOS_DEPLOYMENT_TARGET = 11.2;
				MTL_ENABLE_DEBUG_INFO = YES;
				ONLY_ACTIVE_ARCH = YES;
				SDKROOT = iphoneos;
				SWIFT_ACTIVE_COMPILATION_CONDITIONS = DEBUG;
				SWIFT_OPTIMIZATION_LEVEL = "-Onone";
			};
			name = Debug;
		};
		24859FB221AA5D2A00E235CE /* Release */ = {
			isa = XCBuildConfiguration;
			buildSettings = {
				ALWAYS_SEARCH_USER_PATHS = NO;
				CLANG_ANALYZER_NONNULL = YES;
				CLANG_ANALYZER_NUMBER_OBJECT_CONVERSION = YES_AGGRESSIVE;
				CLANG_CXX_LANGUAGE_STANDARD = "gnu++14";
				CLANG_CXX_LIBRARY = "libc++";
				CLANG_ENABLE_MODULES = YES;
				CLANG_ENABLE_OBJC_ARC = YES;
				CLANG_WARN_BLOCK_CAPTURE_AUTORELEASING = YES;
				CLANG_WARN_BOOL_CONVERSION = YES;
				CLANG_WARN_COMMA = YES;
				CLANG_WARN_CONSTANT_CONVERSION = YES;
				CLANG_WARN_DIRECT_OBJC_ISA_USAGE = YES_ERROR;
				CLANG_WARN_DOCUMENTATION_COMMENTS = YES;
				CLANG_WARN_EMPTY_BODY = YES;
				CLANG_WARN_ENUM_CONVERSION = YES;
				CLANG_WARN_INFINITE_RECURSION = YES;
				CLANG_WARN_INT_CONVERSION = YES;
				CLANG_WARN_NON_LITERAL_NULL_CONVERSION = YES;
				CLANG_WARN_OBJC_LITERAL_CONVERSION = YES;
				CLANG_WARN_OBJC_ROOT_CLASS = YES_ERROR;
				CLANG_WARN_RANGE_LOOP_ANALYSIS = YES;
				CLANG_WARN_STRICT_PROTOTYPES = YES;
				CLANG_WARN_SUSPICIOUS_MOVE = YES;
				CLANG_WARN_UNGUARDED_AVAILABILITY = YES_AGGRESSIVE;
				CLANG_WARN_UNREACHABLE_CODE = YES;
				CLANG_WARN__DUPLICATE_METHOD_MATCH = YES;
				CODE_SIGN_IDENTITY = "iPhone Developer";
				COPY_PHASE_STRIP = NO;
				DEBUG_INFORMATION_FORMAT = "dwarf-with-dsym";
				ENABLE_NS_ASSERTIONS = NO;
				ENABLE_STRICT_OBJC_MSGSEND = YES;
				GCC_C_LANGUAGE_STANDARD = gnu11;
				GCC_NO_COMMON_BLOCKS = YES;
				GCC_WARN_64_TO_32_BIT_CONVERSION = YES;
				GCC_WARN_ABOUT_RETURN_TYPE = YES_ERROR;
				GCC_WARN_UNDECLARED_SELECTOR = YES;
				GCC_WARN_UNINITIALIZED_AUTOS = YES_AGGRESSIVE;
				GCC_WARN_UNUSED_FUNCTION = YES;
				GCC_WARN_UNUSED_VARIABLE = YES;
				IPHONEOS_DEPLOYMENT_TARGET = 11.2;
				MTL_ENABLE_DEBUG_INFO = NO;
				SDKROOT = iphoneos;
				SWIFT_OPTIMIZATION_LEVEL = "-Owholemodule";
				VALIDATE_PRODUCT = YES;
			};
			name = Release;
		};
		24859FB421AA5D2A00E235CE /* Debug */ = {
			isa = XCBuildConfiguration;
			buildSettings = {
				ASSETCATALOG_COMPILER_APPICON_NAME = AppIcon;
				CODE_SIGN_STYLE = Automatic;
				INFOPLIST_FILE = reansition/Info.plist;
				LD_RUNPATH_SEARCH_PATHS = "$(inherited) @executable_path/Frameworks";
				PRODUCT_BUNDLE_IDENTIFIER = hdy.reansition;
				PRODUCT_NAME = "$(TARGET_NAME)";
				SWIFT_VERSION = 4.0;
				TARGETED_DEVICE_FAMILY = "1,2";
			};
			name = Debug;
		};
		24859FB521AA5D2A00E235CE /* Release */ = {
			isa = XCBuildConfiguration;
			buildSettings = {
				ASSETCATALOG_COMPILER_APPICON_NAME = AppIcon;
				CODE_SIGN_STYLE = Automatic;
				INFOPLIST_FILE = reansition/Info.plist;
				LD_RUNPATH_SEARCH_PATHS = "$(inherited) @executable_path/Frameworks";
				PRODUCT_BUNDLE_IDENTIFIER = hdy.reansition;
				PRODUCT_NAME = "$(TARGET_NAME)";
				SWIFT_VERSION = 4.0;
				TARGETED_DEVICE_FAMILY = "1,2";
			};
			name = Release;
		};
/* End XCBuildConfiguration section */

/* Begin XCConfigurationList section */
		24859F9C21AA5D2A00E235CE /* Build configuration list for PBXProject "reansition" */ = {
			isa = XCConfigurationList;
			buildConfigurations = (
				24859FB121AA5D2A00E235CE /* Debug */,
				24859FB221AA5D2A00E235CE /* Release */,
			);
			defaultConfigurationIsVisible = 0;
			defaultConfigurationName = Release;
		};
		24859FB321AA5D2A00E235CE /* Build configuration list for PBXNativeTarget "reansition" */ = {
			isa = XCConfigurationList;
			buildConfigurations = (
				24859FB421AA5D2A00E235CE /* Debug */,
				24859FB521AA5D2A00E235CE /* Release */,
			);
			defaultConfigurationIsVisible = 0;
			defaultConfigurationName = Release;
		};
/* End XCConfigurationList section */
	};
	rootObject = 24859F9921AA5D2A00E235CE /* Project object */;
}
